
Microsoft Visual Studio Solution File, Format Version 12.00
# Visual Studio Version 16
VisualStudioVersion = 16.0.29021.104
MinimumVisualStudioVersion = 15.0.26124.0
Project("{2150E333-8FDC-42A3-9474-1A3956D46DE8}") = "Business", "Business", "{3ED80228-1AF0-4C86-AE89-BB99A05673FE}"
EndProject
Project("{2150E333-8FDC-42A3-9474-1A3956D46DE8}") = "Client", "Client", "{0CEF6A37-709B-4150-9D23-F96EA4DB83AD}"
EndProject
Project("{2150E333-8FDC-42A3-9474-1A3956D46DE8}") = "DataAccess", "DataAccess", "{6032E1BC-D1BE-4827-BB96-491B4E02BDBF}"
EndProject
Project("{9A19103F-16F7-4668-BE54-9A1E7A4F7556}") = "DT.Business", "DT.Business\DT.Business.csproj", "{FB035C39-122A-454F-A2A0-173F5025BA54}"
EndProject
Project("{9A19103F-16F7-4668-BE54-9A1E7A4F7556}") = "DT.Business.Interface", "DT.Business.Interface\DT.Business.Interface.csproj", "{2863C40F-43A2-4C94-AC57-A86F812C9863}"
EndProject
Project("{9A19103F-16F7-4668-BE54-9A1E7A4F7556}") = "DT.Business.Entities", "DT.Business.Entities\DT.Business.Entities.csproj", "{6EB57A40-A72E-42E2-99FB-5BC71974A2ED}"
EndProject
Project("{9A19103F-16F7-4668-BE54-9A1E7A4F7556}") = "DT.DataRepository", "DT.DataRepository\DT.DataRepository.csproj", "{5F8C28E4-9EF9-4D9B-AA5D-B0D45A0F06BF}"
EndProject
Project("{9A19103F-16F7-4668-BE54-9A1E7A4F7556}") = "DT.Client.Entities", "DT.Client.Entities\DT.Client.Entities.csproj", "{898F75EF-CC28-4657-A154-7FD5CD3735D0}"
EndProject
Project("{FAE04EC0-301F-11D3-BF4B-00C04F79EFBC}") = "DT.Client.WebAPI", "DT.Client.WebAPI\DT.Client.WebAPI.csproj", "{C30A54AB-9349-4EE8-B11A-BDC52EFC81FB}"
EndProject
Global
	GlobalSection(SolutionConfigurationPlatforms) = preSolution
		Debug|Any CPU = Debug|Any CPU
		Debug|x64 = Debug|x64
		Debug|x86 = Debug|x86
		Release|Any CPU = Release|Any CPU
		Release|x64 = Release|x64
		Release|x86 = Release|x86
	EndGlobalSection
	GlobalSection(ProjectConfigurationPlatforms) = postSolution
		{FB035C39-122A-454F-A2A0-173F5025BA54}.Debug|Any CPU.ActiveCfg = Debug|Any CPU
		{FB035C39-122A-454F-A2A0-173F5025BA54}.Debug|Any CPU.Build.0 = Debug|Any CPU
		{FB035C39-122A-454F-A2A0-173F5025BA54}.Debug|x64.ActiveCfg = Debug|Any CPU
		{FB035C39-122A-454F-A2A0-173F5025BA54}.Debug|x64.Build.0 = Debug|Any CPU
		{FB035C39-122A-454F-A2A0-173F5025BA54}.Debug|x86.ActiveCfg = Debug|Any CPU
		{FB035C39-122A-454F-A2A0-173F5025BA54}.Debug|x86.Build.0 = Debug|Any CPU
		{FB035C39-122A-454F-A2A0-173F5025BA54}.Release|Any CPU.ActiveCfg = Release|Any CPU
		{FB035C39-122A-454F-A2A0-173F5025BA54}.Release|Any CPU.Build.0 = Release|Any CPU
		{FB035C39-122A-454F-A2A0-173F5025BA54}.Release|x64.ActiveCfg = Release|Any CPU
		{FB035C39-122A-454F-A2A0-173F5025BA54}.Release|x64.Build.0 = Release|Any CPU
		{FB035C39-122A-454F-A2A0-173F5025BA54}.Release|x86.ActiveCfg = Release|Any CPU
		{FB035C39-122A-454F-A2A0-173F5025BA54}.Release|x86.Build.0 = Release|Any CPU
		{2863C40F-43A2-4C94-AC57-A86F812C9863}.Debug|Any CPU.ActiveCfg = Debug|Any CPU
		{2863C40F-43A2-4C94-AC57-A86F812C9863}.Debug|Any CPU.Build.0 = Debug|Any CPU
		{2863C40F-43A2-4C94-AC57-A86F812C9863}.Debug|x64.ActiveCfg = Debug|Any CPU
		{2863C40F-43A2-4C94-AC57-A86F812C9863}.Debug|x64.Build.0 = Debug|Any CPU
		{2863C40F-43A2-4C94-AC57-A86F812C9863}.Debug|x86.ActiveCfg = Debug|Any CPU
		{2863C40F-43A2-4C94-AC57-A86F812C9863}.Debug|x86.Build.0 = Debug|Any CPU
		{2863C40F-43A2-4C94-AC57-A86F812C9863}.Release|Any CPU.ActiveCfg = Release|Any CPU
		{2863C40F-43A2-4C94-AC57-A86F812C9863}.Release|Any CPU.Build.0 = Release|Any CPU
		{2863C40F-43A2-4C94-AC57-A86F812C9863}.Release|x64.ActiveCfg = Release|Any CPU
		{2863C40F-43A2-4C94-AC57-A86F812C9863}.Release|x64.Build.0 = Release|Any CPU
		{2863C40F-43A2-4C94-AC57-A86F812C9863}.Release|x86.ActiveCfg = Release|Any CPU
		{2863C40F-43A2-4C94-AC57-A86F812C9863}.Release|x86.Build.0 = Release|Any CPU
		{6EB57A40-A72E-42E2-99FB-5BC71974A2ED}.Debug|Any CPU.ActiveCfg = Debug|Any CPU
		{6EB57A40-A72E-42E2-99FB-5BC71974A2ED}.Debug|Any CPU.Build.0 = Debug|Any CPU
		{6EB57A40-A72E-42E2-99FB-5BC71974A2ED}.Debug|x64.ActiveCfg = Debug|Any CPU
		{6EB57A40-A72E-42E2-99FB-5BC71974A2ED}.Debug|x64.Build.0 = Debug|Any CPU
		{6EB57A40-A72E-42E2-99FB-5BC71974A2ED}.Debug|x86.ActiveCfg = Debug|Any CPU
		{6EB57A40-A72E-42E2-99FB-5BC71974A2ED}.Debug|x86.Build.0 = Debug|Any CPU
		{6EB57A40-A72E-42E2-99FB-5BC71974A2ED}.Release|Any CPU.ActiveCfg = Release|Any CPU
		{6EB57A40-A72E-42E2-99FB-5BC71974A2ED}.Release|Any CPU.Build.0 = Release|Any CPU
		{6EB57A40-A72E-42E2-99FB-5BC71974A2ED}.Release|x64.ActiveCfg = Release|Any CPU
		{6EB57A40-A72E-42E2-99FB-5BC71974A2ED}.Release|x64.Build.0 = Release|Any CPU
		{6EB57A40-A72E-42E2-99FB-5BC71974A2ED}.Release|x86.ActiveCfg = Release|Any CPU
		{6EB57A40-A72E-42E2-99FB-5BC71974A2ED}.Release|x86.Build.0 = Release|Any CPU
		{5F8C28E4-9EF9-4D9B-AA5D-B0D45A0F06BF}.Debug|Any CPU.ActiveCfg = Debug|Any CPU
		{5F8C28E4-9EF9-4D9B-AA5D-B0D45A0F06BF}.Debug|Any CPU.Build.0 = Debug|Any CPU
		{5F8C28E4-9EF9-4D9B-AA5D-B0D45A0F06BF}.Debug|x64.ActiveCfg = Debug|Any CPU
		{5F8C28E4-9EF9-4D9B-AA5D-B0D45A0F06BF}.Debug|x64.Build.0 = Debug|Any CPU
		{5F8C28E4-9EF9-4D9B-AA5D-B0D45A0F06BF}.Debug|x86.ActiveCfg = Debug|Any CPU
		{5F8C28E4-9EF9-4D9B-AA5D-B0D45A0F06BF}.Debug|x86.Build.0 = Debug|Any CPU
		{5F8C28E4-9EF9-4D9B-AA5D-B0D45A0F06BF}.Release|Any CPU.ActiveCfg = Release|Any CPU
		{5F8C28E4-9EF9-4D9B-AA5D-B0D45A0F06BF}.Release|Any CPU.Build.0 = Release|Any CPU
		{5F8C28E4-9EF9-4D9B-AA5D-B0D45A0F06BF}.Release|x64.ActiveCfg = Release|Any CPU
		{5F8C28E4-9EF9-4D9B-AA5D-B0D45A0F06BF}.Release|x64.Build.0 = Release|Any CPU
		{5F8C28E4-9EF9-4D9B-AA5D-B0D45A0F06BF}.Release|x86.ActiveCfg = Release|Any CPU
		{5F8C28E4-9EF9-4D9B-AA5D-B0D45A0F06BF}.Release|x86.Build.0 = Release|Any CPU
		{898F75EF-CC28-4657-A154-7FD5CD3735D0}.Debug|Any CPU.ActiveCfg = Debug|Any CPU
		{898F75EF-CC28-4657-A154-7FD5CD3735D0}.Debug|Any CPU.Build.0 = Debug|Any CPU
		{898F75EF-CC28-4657-A154-7FD5CD3735D0}.Debug|x64.ActiveCfg = Debug|Any CPU
		{898F75EF-CC28-4657-A154-7FD5CD3735D0}.Debug|x64.Build.0 = Debug|Any CPU
		{898F75EF-CC28-4657-A154-7FD5CD3735D0}.Debug|x86.ActiveCfg = Debug|Any CPU
		{898F75EF-CC28-4657-A154-7FD5CD3735D0}.Debug|x86.Build.0 = Debug|Any CPU
		{898F75EF-CC28-4657-A154-7FD5CD3735D0}.Release|Any CPU.ActiveCfg = Release|Any CPU
		{898F75EF-CC28-4657-A154-7FD5CD3735D0}.Release|Any CPU.Build.0 = Release|Any CPU
		{898F75EF-CC28-4657-A154-7FD5CD3735D0}.Release|x64.ActiveCfg = Release|Any CPU
		{898F75EF-CC28-4657-A154-7FD5CD3735D0}.Release|x64.Build.0 = Release|Any CPU
		{898F75EF-CC28-4657-A154-7FD5CD3735D0}.Release|x86.ActiveCfg = Release|Any CPU
		{898F75EF-CC28-4657-A154-7FD5CD3735D0}.Release|x86.Build.0 = Release|Any CPU
		{C30A54AB-9349-4EE8-B11A-BDC52EFC81FB}.Debug|Any CPU.ActiveCfg = Debug|Any CPU
		{C30A54AB-9349-4EE8-B11A-BDC52EFC81FB}.Debug|Any CPU.Build.0 = Debug|Any CPU
		{C30A54AB-9349-4EE8-B11A-BDC52EFC81FB}.Debug|x64.ActiveCfg = Debug|Any CPU
		{C30A54AB-9349-4EE8-B11A-BDC52EFC81FB}.Debug|x64.Build.0 = Debug|Any CPU
		{C30A54AB-9349-4EE8-B11A-BDC52EFC81FB}.Debug|x86.ActiveCfg = Debug|Any CPU
		{C30A54AB-9349-4EE8-B11A-BDC52EFC81FB}.Debug|x86.Build.0 = Debug|Any CPU
		{C30A54AB-9349-4EE8-B11A-BDC52EFC81FB}.Release|Any CPU.ActiveCfg = Release|Any CPU
		{C30A54AB-9349-4EE8-B11A-BDC52EFC81FB}.Release|Any CPU.Build.0 = Release|Any CPU
		{C30A54AB-9349-4EE8-B11A-BDC52EFC81FB}.Release|x64.ActiveCfg = Release|Any CPU
		{C30A54AB-9349-4EE8-B11A-BDC52EFC81FB}.Release|x64.Build.0 = Release|Any CPU
		{C30A54AB-9349-4EE8-B11A-BDC52EFC81FB}.Release|x86.ActiveCfg = Release|Any CPU
		{C30A54AB-9349-4EE8-B11A-BDC52EFC81FB}.Release|x86.Build.0 = Release|Any CPU
	EndGlobalSection
	GlobalSection(SolutionProperties) = preSolution
		HideSolutionNode = FALSE
	EndGlobalSection
	GlobalSection(NestedProjects) = preSolution
		{FB035C39-122A-454F-A2A0-173F5025BA54} = {3ED80228-1AF0-4C86-AE89-BB99A05673FE}
		{2863C40F-43A2-4C94-AC57-A86F812C9863} = {3ED80228-1AF0-4C86-AE89-BB99A05673FE}
		{6EB57A40-A72E-42E2-99FB-5BC71974A2ED} = {3ED80228-1AF0-4C86-AE89-BB99A05673FE}
		{5F8C28E4-9EF9-4D9B-AA5D-B0D45A0F06BF} = {6032E1BC-D1BE-4827-BB96-491B4E02BDBF}
		{898F75EF-CC28-4657-A154-7FD5CD3735D0} = {0CEF6A37-709B-4150-9D23-F96EA4DB83AD}
		{C30A54AB-9349-4EE8-B11A-BDC52EFC81FB} = {0CEF6A37-709B-4150-9D23-F96EA4DB83AD}
	EndGlobalSection
	GlobalSection(ExtensibilityGlobals) = postSolution
		SolutionGuid = {BDAE963F-2EB5-4AAC-8ECA-D598C5D4C5B6}
	EndGlobalSection
EndGlobal
